
Microsoft Visual Studio Solution File, Format Version 12.00
# Visual Studio Version 16
VisualStudioVersion = 16.0.30907.101
MinimumVisualStudioVersion = 10.0.40219.1
Project("{9A19103F-16F7-4668-BE54-9A1E7A4F7556}") = "DataAccess", "DataAccess\DataAccess.csproj", "{5AB12004-EA4B-43FD-A264-47A75B81609B}"
EndProject
Project("{9A19103F-16F7-4668-BE54-9A1E7A4F7556}") = "Business", "Business\Business.csproj", "{3EAF082D-E289-48F0-A9BB-E54A7CE31BAB}"
EndProject
Project("{9A19103F-16F7-4668-BE54-9A1E7A4F7556}") = "Entities", "Entities\Entities.csproj", "{0E30355D-F38F-4EB7-B668-256DF3EE38E4}"
EndProject
Project("{9A19103F-16F7-4668-BE54-9A1E7A4F7556}") = "ConsoleUI", "ConsoleUI\ConsoleUI.csproj", "{FB3E14DF-1FB2-4C96-BCA8-6E21D3EFD827}"
EndProject
Project("{9A19103F-16F7-4668-BE54-9A1E7A4F7556}") = "Core", "Core\Core.csproj", "{D861B33C-CC3D-4573-8118-FEE743FCB956}"
EndProject
Project("{FAE04EC0-301F-11D3-BF4B-00C04F79EFBC}") = "WebAPI", "WebAPI\WebAPI.csproj", "{22A0C8D2-8F80-4DF2-BDE1-9BC42011EBCA}"
EndProject
Global
	GlobalSection(SolutionConfigurationPlatforms) = preSolution
		Debug|Any CPU = Debug|Any CPU
		Release|Any CPU = Release|Any CPU
	EndGlobalSection
	GlobalSection(ProjectConfigurationPlatforms) = postSolution
		{5AB12004-EA4B-43FD-A264-47A75B81609B}.Debug|Any CPU.ActiveCfg = Debug|Any CPU
		{5AB12004-EA4B-43FD-A264-47A75B81609B}.Debug|Any CPU.Build.0 = Debug|Any CPU
		{5AB12004-EA4B-43FD-A264-47A75B81609B}.Release|Any CPU.ActiveCfg = Release|Any CPU
		{5AB12004-EA4B-43FD-A264-47A75B81609B}.Release|Any CPU.Build.0 = Release|Any CPU
		{3EAF082D-E289-48F0-A9BB-E54A7CE31BAB}.Debug|Any CPU.ActiveCfg = Debug|Any CPU
		{3EAF082D-E289-48F0-A9BB-E54A7CE31BAB}.Debug|Any CPU.Build.0 = Debug|Any CPU
		{3EAF082D-E289-48F0-A9BB-E54A7CE31BAB}.Release|Any CPU.ActiveCfg = Release|Any CPU
		{3EAF082D-E289-48F0-A9BB-E54A7CE31BAB}.Release|Any CPU.Build.0 = Release|Any CPU
		{0E30355D-F38F-4EB7-B668-256DF3EE38E4}.Debug|Any CPU.ActiveCfg = Debug|Any CPU
		{0E30355D-F38F-4EB7-B668-256DF3EE38E4}.Debug|Any CPU.Build.0 = Debug|Any CPU
		{0E30355D-F38F-4EB7-B668-256DF3EE38E4}.Release|Any CPU.ActiveCfg = Release|Any CPU
		{0E30355D-F38F-4EB7-B668-256DF3EE38E4}.Release|Any CPU.Build.0 = Release|Any CPU
		{FB3E14DF-1FB2-4C96-BCA8-6E21D3EFD827}.Debug|Any CPU.ActiveCfg = Debug|Any CPU
		{FB3E14DF-1FB2-4C96-BCA8-6E21D3EFD827}.Debug|Any CPU.Build.0 = Debug|Any CPU
		{FB3E14DF-1FB2-4C96-BCA8-6E21D3EFD827}.Release|Any CPU.ActiveCfg = Release|Any CPU
		{FB3E14DF-1FB2-4C96-BCA8-6E21D3EFD827}.Release|Any CPU.Build.0 = Release|Any CPU
		{D861B33C-CC3D-4573-8118-FEE743FCB956}.Debug|Any CPU.ActiveCfg = Debug|Any CPU
		{D861B33C-CC3D-4573-8118-FEE743FCB956}.Debug|Any CPU.Build.0 = Debug|Any CPU
		{D861B33C-CC3D-4573-8118-FEE743FCB956}.Release|Any CPU.ActiveCfg = Release|Any CPU
		{D861B33C-CC3D-4573-8118-FEE743FCB956}.Release|Any CPU.Build.0 = Release|Any CPU
		{22A0C8D2-8F80-4DF2-BDE1-9BC42011EBCA}.Debug|Any CPU.ActiveCfg = Debug|Any CPU
		{22A0C8D2-8F80-4DF2-BDE1-9BC42011EBCA}.Debug|Any CPU.Build.0 = Debug|Any CPU
		{22A0C8D2-8F80-4DF2-BDE1-9BC42011EBCA}.Release|Any CPU.ActiveCfg = Release|Any CPU
		{22A0C8D2-8F80-4DF2-BDE1-9BC42011EBCA}.Release|Any CPU.Build.0 = Release|Any CPU
	EndGlobalSection
	GlobalSection(SolutionProperties) = preSolution
		HideSolutionNode = FALSE
	EndGlobalSection
	GlobalSection(ExtensibilityGlobals) = postSolution
		SolutionGuid = {7C05308C-9251-41D9-ABCE-DED5242B152B}
	EndGlobalSection
EndGlobal
